
Microsoft Visual Studio Solution File, Format Version 12.00
# Visual Studio Version 16
VisualStudioVersion = 16.0.29519.87
MinimumVisualStudioVersion = 10.0.40219.1
Project("{8BC9CEB8-8B4A-11D0-8D11-00A0C91BC942}") = "Задача B. Получи дерево", "Задача B. Получи дерево\Задача B. Получи дерево.vcxproj", "{CE6CC88F-D152-4951-89A9-4870D4173F8F}"
EndProject
Global
	GlobalSection(SolutionConfigurationPlatforms) = preSolution
		Debug|x64 = Debug|x64
		Debug|x86 = Debug|x86
		Release|x64 = Release|x64
		Release|x86 = Release|x86
	EndGlobalSection
	GlobalSection(ProjectConfigurationPlatforms) = postSolution
		{CE6CC88F-D152-4951-89A9-4870D4173F8F}.Debug|x64.ActiveCfg = Debug|x64
		{CE6CC88F-D152-4951-89A9-4870D4173F8F}.Debug|x64.Build.0 = Debug|x64
		{CE6CC88F-D152-4951-89A9-4870D4173F8F}.Debug|x86.ActiveCfg = Debug|Win32
		{CE6CC88F-D152-4951-89A9-4870D4173F8F}.Debug|x86.Build.0 = Debug|Win32
		{CE6CC88F-D152-4951-89A9-4870D4173F8F}.Release|x64.ActiveCfg = Release|x64
		{CE6CC88F-D152-4951-89A9-4870D4173F8F}.Release|x64.Build.0 = Release|x64
		{CE6CC88F-D152-4951-89A9-4870D4173F8F}.Release|x86.ActiveCfg = Release|Win32
		{CE6CC88F-D152-4951-89A9-4870D4173F8F}.Release|x86.Build.0 = Release|Win32
	EndGlobalSection
	GlobalSection(SolutionProperties) = preSolution
		HideSolutionNode = FALSE
	EndGlobalSection
	GlobalSection(ExtensibilityGlobals) = postSolution
		SolutionGuid = {C7AE2C05-90BA-453F-8DA3-9F1D7DC0417C}
	EndGlobalSection
EndGlobal
